// !$*UTF8*$!
{
	archiveVersion = 1;
	classes = {
	};
	objectVersion = 50;
	objects = {

/* Begin PBXBuildFile section */
		9AA9FE9F251ADEDB00E61C33 /* AppDelegate.swift in Sources */ = {isa = PBXBuildFile; fileRef = 9AA9FE9E251ADEDB00E61C33 /* AppDelegate.swift */; };
		9AA9FEA1251ADEDB00E61C33 /* SceneDelegate.swift in Sources */ = {isa = PBXBuildFile; fileRef = 9AA9FEA0251ADEDB00E61C33 /* SceneDelegate.swift */; };
		9AA9FEA3251ADEDB00E61C33 /* ViewController.swift in Sources */ = {isa = PBXBuildFile; fileRef = 9AA9FEA2251ADEDB00E61C33 /* ViewController.swift */; };
		9AA9FEA6251ADEDB00E61C33 /* Main.storyboard in Resources */ = {isa = PBXBuildFile; fileRef = 9AA9FEA4251ADEDB00E61C33 /* Main.storyboard */; };
		9AA9FEA8251ADEDE00E61C33 /* Assets.xcassets in Resources */ = {isa = PBXBuildFile; fileRef = 9AA9FEA7251ADEDE00E61C33 /* Assets.xcassets */; };
		9AA9FEAB251ADEDE00E61C33 /* LaunchScreen.storyboard in Resources */ = {isa = PBXBuildFile; fileRef = 9AA9FEA9251ADEDE00E61C33 /* LaunchScreen.storyboard */; };
/* End PBXBuildFile section */

/* Begin PBXFileReference section */
		9AA9FE9B251ADEDB00E61C33 /* algorithm.app */ = {isa = PBXFileReference; explicitFileType = wrapper.application; includeInIndex = 0; path = algorithm.app; sourceTree = BUILT_PRODUCTS_DIR; };
		9AA9FE9E251ADEDB00E61C33 /* AppDelegate.swift */ = {isa = PBXFileReference; lastKnownFileType = sourcecode.swift; path = AppDelegate.swift; sourceTree = "<group>"; };
		9AA9FEA0251ADEDB00E61C33 /* SceneDelegate.swift */ = {isa = PBXFileReference; lastKnownFileType = sourcecode.swift; path = SceneDelegate.swift; sourceTree = "<group>"; };
		9AA9FEA2251ADEDB00E61C33 /* ViewController.swift */ = {isa = PBXFileReference; lastKnownFileType = sourcecode.swift; path = ViewController.swift; sourceTree = "<group>"; };
		9AA9FEA5251ADEDB00E61C33 /* Base */ = {isa = PBXFileReference; lastKnownFileType = file.storyboard; name = Base; path = Base.lproj/Main.storyboard; sourceTree = "<group>"; };
		9AA9FEA7251ADEDE00E61C33 /* Assets.xcassets */ = {isa = PBXFileReference; lastKnownFileType = folder.assetcatalog; path = Assets.xcassets; sourceTree = "<group>"; };
		9AA9FEAA251ADEDE00E61C33 /* Base */ = {isa = PBXFileReference; lastKnownFileType = file.storyboard; name = Base; path = Base.lproj/LaunchScreen.storyboard; sourceTree = "<group>"; };
		9AA9FEAC251ADEDE00E61C33 /* Info.plist */ = {isa = PBXFileReference; lastKnownFileType = text.plist.xml; path = Info.plist; sourceTree = "<group>"; };
		9AA9FEB5251ADFA400E61C33 /* 문자열을 정수로 바꾸기.playground */ = {isa = PBXFileReference; lastKnownFileType = file.playground; path = "문자열을 정수로 바꾸기.playground"; sourceTree = "<group>"; };
		9AA9FEB6251ADFA400E61C33 /* 서울에서 김서방 찾기.playground */ = {isa = PBXFileReference; lastKnownFileType = file.playground; path = "서울에서 김서방 찾기.playground"; sourceTree = "<group>"; };
		9AA9FEB7251ADFA400E61C33 /* 문자열 내림차순으로 배치하기.playground */ = {isa = PBXFileReference; lastKnownFileType = file.playground; path = "문자열 내림차순으로 배치하기.playground"; sourceTree = "<group>"; };
		9AA9FEB8251ADFA400E61C33 /* 수박수박수박수박수박수.playground */ = {isa = PBXFileReference; lastKnownFileType = file.playground; path = "수박수박수박수박수박수.playground"; sourceTree = "<group>"; xcLanguageSpecificationIdentifier = xcode.lang.swift; };
		9AA9FEB9251ADFA400E61C33 /* 모의고사.playground */ = {isa = PBXFileReference; lastKnownFileType = file.playground; path = "모의고사.playground"; sourceTree = "<group>"; };
		9AA9FEBA251ADFA400E61C33 /* 크레인 인형뽑기 게임.playground */ = {isa = PBXFileReference; lastKnownFileType = file.playground; path = "크레인 인형뽑기 게임.playground"; sourceTree = "<group>"; xcLanguageSpecificationIdentifier = xcode.lang.swift; };
		9AA9FEBB251ADFA400E61C33 /* 하샤드 수.playground */ = {isa = PBXFileReference; lastKnownFileType = file.playground; path = "하샤드 수.playground"; sourceTree = "<group>"; xcLanguageSpecificationIdentifier = xcode.lang.swift; };
		9AA9FEBC251ADFA500E61C33 /* 두 개 뽑아서 더하기.playground */ = {isa = PBXFileReference; lastKnownFileType = file.playground; path = "두 개 뽑아서 더하기.playground"; sourceTree = "<group>"; xcLanguageSpecificationIdentifier = xcode.lang.swift; };
		9AA9FEBD251ADFA500E61C33 /* 두 정수 사이의 합.playground */ = {isa = PBXFileReference; lastKnownFileType = file.playground; path = "두 정수 사이의 합.playground"; sourceTree = "<group>"; xcLanguageSpecificationIdentifier = xcode.lang.swift; };
		9AA9FEBE251ADFA500E61C33 /* 시저 암호.playground */ = {isa = PBXFileReference; lastKnownFileType = file.playground; path = "시저 암호.playground"; sourceTree = "<group>"; xcLanguageSpecificationIdentifier = xcode.lang.swift; };
		9AA9FEBF251ADFA500E61C33 /* 정수 제곱근 판별.playground */ = {isa = PBXFileReference; lastKnownFileType = file.playground; path = "정수 제곱근 판별.playground"; sourceTree = "<group>"; xcLanguageSpecificationIdentifier = xcode.lang.swift; };
		9AA9FEC0251ADFA500E61C33 /* 문자열 다루기 기본.playground */ = {isa = PBXFileReference; lastKnownFileType = file.playground; path = "문자열 다루기 기본.playground"; sourceTree = "<group>"; };
		9AA9FEC1251ADFA500E61C33 /* 나누어 떨어지는 숫자 배열.playground */ = {isa = PBXFileReference; lastKnownFileType = file.playground; path = "나누어 떨어지는 숫자 배열.playground"; sourceTree = "<group>"; xcLanguageSpecificationIdentifier = xcode.lang.swift; };
		9AA9FEC2251ADFA500E61C33 /* 소수 찾기.playground */ = {isa = PBXFileReference; lastKnownFileType = file.playground; path = "소수 찾기.playground"; sourceTree = "<group>"; xcLanguageSpecificationIdentifier = xcode.lang.swift; };
		9AA9FEC3251ADFA500E61C33 /* 문자열 내 p와 y의 개수.playground */ = {isa = PBXFileReference; lastKnownFileType = file.playground; path = "문자열 내 p와 y의 개수.playground"; sourceTree = "<group>"; };
		9AA9FEC4251ADFA600E61C33 /* 약수의 합.playground */ = {isa = PBXFileReference; lastKnownFileType = file.playground; path = "약수의 합.playground"; sourceTree = "<group>"; xcLanguageSpecificationIdentifier = xcode.lang.swift; };
		9AA9FEC5251ADFA600E61C33 /* K번째수.playground */ = {isa = PBXFileReference; lastKnownFileType = file.playground; path = "K번째수.playground"; sourceTree = "<group>"; };
		9AA9FEC6251ADFA600E61C33 /* 2016년.playground */ = {isa = PBXFileReference; lastKnownFileType = file.playground; path = "2016년.playground"; sourceTree = "<group>"; xcLanguageSpecificationIdentifier = xcode.lang.swift; };
		9AA9FEC7251ADFA600E61C33 /* 문자열 내 마음대로 정렬하기.playground */ = {isa = PBXFileReference; lastKnownFileType = file.playground; path = "문자열 내 마음대로 정렬하기.playground"; sourceTree = "<group>"; };
		9AA9FEC8251ADFA600E61C33 /* 체육복.playground */ = {isa = PBXFileReference; lastKnownFileType = file.playground; path = "체육복.playground"; sourceTree = "<group>"; };
		9AA9FEC9251ADFA600E61C33 /* 이상한 문자 만들기.playground */ = {isa = PBXFileReference; lastKnownFileType = file.playground; path = "이상한 문자 만들기.playground"; sourceTree = "<group>"; xcLanguageSpecificationIdentifier = xcode.lang.swift; };
		9AA9FECA251ADFA600E61C33 /* test.playground */ = {isa = PBXFileReference; lastKnownFileType = file.playground; path = test.playground; sourceTree = "<group>"; xcLanguageSpecificationIdentifier = xcode.lang.swift; };
		9AA9FECB251ADFA700E61C33 /* 가운데 글자 가져오기.playground */ = {isa = PBXFileReference; lastKnownFileType = file.playground; path = "가운데 글자 가져오기.playground"; sourceTree = "<group>"; xcLanguageSpecificationIdentifier = xcode.lang.swift; };
		9AA9FECE251AE14700E61C33 /* 자릿수 더하기.playground */ = {isa = PBXFileReference; lastKnownFileType = file.playground; path = "자릿수 더하기.playground"; sourceTree = "<group>"; xcLanguageSpecificationIdentifier = xcode.lang.swift; };
		9AA9FED2251AE2D000E61C33 /* 자연수 뒤집어 배열로 만들기.playground */ = {isa = PBXFileReference; lastKnownFileType = file.playground; path = "자연수 뒤집어 배열로 만들기.playground"; sourceTree = "<group>"; xcLanguageSpecificationIdentifier = xcode.lang.swift; };
		9AA9FED4251AE39100E61C33 /* 정수 내림차순으로 배치하기.playground */ = {isa = PBXFileReference; lastKnownFileType = file.playground; path = "정수 내림차순으로 배치하기.playground"; sourceTree = "<group>"; xcLanguageSpecificationIdentifier = xcode.lang.swift; };
		9AA9FED6251AE4F500E61C33 /* 제일 작은 수 제거하기.playground */ = {isa = PBXFileReference; lastKnownFileType = file.playground; path = "제일 작은 수 제거하기.playground"; sourceTree = "<group>"; xcLanguageSpecificationIdentifier = xcode.lang.swift; };
		9AA9FED8251AE6FC00E61C33 /* 짝수와 홀수.playground */ = {isa = PBXFileReference; lastKnownFileType = file.playground; path = "짝수와 홀수.playground"; sourceTree = "<group>"; xcLanguageSpecificationIdentifier = xcode.lang.swift; };
		9AA9FEDA251AE7BF00E61C33 /* 최대공약수와 최소공배수.playground */ = {isa = PBXFileReference; lastKnownFileType = file.playground; path = "최대공약수와 최소공배수.playground"; sourceTree = "<group>"; xcLanguageSpecificationIdentifier = xcode.lang.swift; };
		9AA9FEDD251B0CA900E61C33 /* 콜라츠 추측.playground */ = {isa = PBXFileReference; lastKnownFileType = file.playground; path = "콜라츠 추측.playground"; sourceTree = "<group>"; xcLanguageSpecificationIdentifier = xcode.lang.swift; };
		9AA9FEE4251B109200E61C33 /* 평균 구하기.playground */ = {isa = PBXFileReference; lastKnownFileType = file.playground; path = "평균 구하기.playground"; sourceTree = "<group>"; xcLanguageSpecificationIdentifier = xcode.lang.swift; };
		9AA9FEE6251B126B00E61C33 /* 핸드폰 번호 가리기.playground */ = {isa = PBXFileReference; lastKnownFileType = file.playground; path = "핸드폰 번호 가리기.playground"; sourceTree = "<group>"; xcLanguageSpecificationIdentifier = xcode.lang.swift; };
		9AA9FEEC251B1B2500E61C33 /* 행렬의 덧셈.playground */ = {isa = PBXFileReference; lastKnownFileType = file.playground; path = "행렬의 덧셈.playground"; sourceTree = "<group>"; xcLanguageSpecificationIdentifier = xcode.lang.swift; };
		9AA9FEEE251B223B00E61C33 /* x만큼 간격이 있는 n개의 숫자.playground */ = {isa = PBXFileReference; lastKnownFileType = file.playground; path = "x만큼 간격이 있는 n개의 숫자.playground"; sourceTree = "<group>"; xcLanguageSpecificationIdentifier = xcode.lang.swift; };
		9AA9FEF0251B24D200E61C33 /* 직사각형 별찍기.playground */ = {isa = PBXFileReference; lastKnownFileType = file.playground; path = "직사각형 별찍기.playground"; sourceTree = "<group>"; xcLanguageSpecificationIdentifier = xcode.lang.swift; };
		9AA9FEF2251B26BB00E61C33 /* [카카오 인턴]키패드 누르기.playground */ = {isa = PBXFileReference; lastKnownFileType = file.playground; path = "[카카오 인턴]키패드 누르기.playground"; sourceTree = "<group>"; xcLanguageSpecificationIdentifier = xcode.lang.swift; };
		9AA9FEF4251C38CE00E61C33 /* 예산.playground */ = {isa = PBXFileReference; lastKnownFileType = file.playground; path = "예산.playground"; sourceTree = "<group>"; xcLanguageSpecificationIdentifier = xcode.lang.swift; };
		9AA9FEF6251C3AB900E61C33 /* 비밀지도.playground */ = {isa = PBXFileReference; lastKnownFileType = file.playground; path = "비밀지도.playground"; sourceTree = "<group>"; xcLanguageSpecificationIdentifier = xcode.lang.swift; };
		9AA9FEF8251C45BB00E61C33 /* 다트 게임.playground */ = {isa = PBXFileReference; lastKnownFileType = file.playground; path = "다트 게임.playground"; sourceTree = "<group>"; xcLanguageSpecificationIdentifier = xcode.lang.swift; };
/* End PBXFileReference section */

/* Begin PBXFrameworksBuildPhase section */
		9AA9FE98251ADEDB00E61C33 /* Frameworks */ = {
			isa = PBXFrameworksBuildPhase;
			buildActionMask = 2147483647;
			files = (
			);
			runOnlyForDeploymentPostprocessing = 0;
		};
/* End PBXFrameworksBuildPhase section */

/* Begin PBXGroup section */
		9AA9FE92251ADEDB00E61C33 = {
			isa = PBXGroup;
			children = (
				9AA9FE9D251ADEDB00E61C33 /* algorithm */,
				9AA9FE9C251ADEDB00E61C33 /* Products */,
			);
			sourceTree = "<group>";
		};
		9AA9FE9C251ADEDB00E61C33 /* Products */ = {
			isa = PBXGroup;
			children = (
				9AA9FE9B251ADEDB00E61C33 /* algorithm.app */,
			);
			name = Products;
			sourceTree = "<group>";
		};
		9AA9FE9D251ADEDB00E61C33 /* algorithm */ = {
			isa = PBXGroup;
			children = (
				9AA9FEB4251ADF5B00E61C33 /* programmers */,
				9AA9FE9E251ADEDB00E61C33 /* AppDelegate.swift */,
				9AA9FEA0251ADEDB00E61C33 /* SceneDelegate.swift */,
				9AA9FEA2251ADEDB00E61C33 /* ViewController.swift */,
				9AA9FEA4251ADEDB00E61C33 /* Main.storyboard */,
				9AA9FEA7251ADEDE00E61C33 /* Assets.xcassets */,
				9AA9FEA9251ADEDE00E61C33 /* LaunchScreen.storyboard */,
				9AA9FEAC251ADEDE00E61C33 /* Info.plist */,
			);
			path = algorithm;
			sourceTree = "<group>";
		};
		9AA9FEB4251ADF5B00E61C33 /* programmers */ = {
			isa = PBXGroup;
			children = (
				9AA9FEC6251ADFA600E61C33 /* 2016년.playground */,
				9AA9FECB251ADFA700E61C33 /* 가운데 글자 가져오기.playground */,
				9AA9FEC1251ADFA500E61C33 /* 나누어 떨어지는 숫자 배열.playground */,
				9AA9FEBC251ADFA500E61C33 /* 두 개 뽑아서 더하기.playground */,
				9AA9FEBD251ADFA500E61C33 /* 두 정수 사이의 합.playground */,
				9AA9FEB9251ADFA400E61C33 /* 모의고사.playground */,
				9AA9FEC7251ADFA600E61C33 /* 문자열 내 마음대로 정렬하기.playground */,
				9AA9FEC3251ADFA500E61C33 /* 문자열 내 p와 y의 개수.playground */,
				9AA9FEB7251ADFA400E61C33 /* 문자열 내림차순으로 배치하기.playground */,
				9AA9FEC0251ADFA500E61C33 /* 문자열 다루기 기본.playground */,
				9AA9FEB5251ADFA400E61C33 /* 문자열을 정수로 바꾸기.playground */,
				9AA9FEB6251ADFA400E61C33 /* 서울에서 김서방 찾기.playground */,
				9AA9FEC2251ADFA500E61C33 /* 소수 찾기.playground */,
				9AA9FEB8251ADFA400E61C33 /* 수박수박수박수박수박수.playground */,
				9AA9FEBE251ADFA500E61C33 /* 시저 암호.playground */,
				9AA9FEC4251ADFA600E61C33 /* 약수의 합.playground */,
				9AA9FEC9251ADFA600E61C33 /* 이상한 문자 만들기.playground */,
				9AA9FEBF251ADFA500E61C33 /* 정수 제곱근 판별.playground */,
				9AA9FEC8251ADFA600E61C33 /* 체육복.playground */,
				9AA9FEBA251ADFA400E61C33 /* 크레인 인형뽑기 게임.playground */,
				9AA9FEBB251ADFA400E61C33 /* 하샤드 수.playground */,
				9AA9FEC5251ADFA600E61C33 /* K번째수.playground */,
				9AA9FECA251ADFA600E61C33 /* test.playground */,
				9AA9FECE251AE14700E61C33 /* 자릿수 더하기.playground */,
				9AA9FED2251AE2D000E61C33 /* 자연수 뒤집어 배열로 만들기.playground */,
				9AA9FED4251AE39100E61C33 /* 정수 내림차순으로 배치하기.playground */,
				9AA9FED6251AE4F500E61C33 /* 제일 작은 수 제거하기.playground */,
				9AA9FED8251AE6FC00E61C33 /* 짝수와 홀수.playground */,
				9AA9FEDA251AE7BF00E61C33 /* 최대공약수와 최소공배수.playground */,
				9AA9FEDD251B0CA900E61C33 /* 콜라츠 추측.playground */,
				9AA9FEE4251B109200E61C33 /* 평균 구하기.playground */,
				9AA9FEE6251B126B00E61C33 /* 핸드폰 번호 가리기.playground */,
				9AA9FEEC251B1B2500E61C33 /* 행렬의 덧셈.playground */,
				9AA9FEEE251B223B00E61C33 /* x만큼 간격이 있는 n개의 숫자.playground */,
				9AA9FEF0251B24D200E61C33 /* 직사각형 별찍기.playground */,
				9AA9FEF2251B26BB00E61C33 /* [카카오 인턴]키패드 누르기.playground */,
				9AA9FEF4251C38CE00E61C33 /* 예산.playground */,
				9AA9FEF6251C3AB900E61C33 /* 비밀지도.playground */,
				9AA9FEF8251C45BB00E61C33 /* 다트 게임.playground */,
			);
			path = programmers;
			sourceTree = "<group>";
		};
/* End PBXGroup section */

/* Begin PBXNativeTarget section */
		9AA9FE9A251ADEDB00E61C33 /* algorithm */ = {
			isa = PBXNativeTarget;
			buildConfigurationList = 9AA9FEAF251ADEDE00E61C33 /* Build configuration list for PBXNativeTarget "algorithm" */;
			buildPhases = (
				9AA9FE97251ADEDB00E61C33 /* Sources */,
				9AA9FE98251ADEDB00E61C33 /* Frameworks */,
				9AA9FE99251ADEDB00E61C33 /* Resources */,
			);
			buildRules = (
			);
			dependencies = (
			);
			name = algorithm;
			productName = algorithm;
			productReference = 9AA9FE9B251ADEDB00E61C33 /* algorithm.app */;
			productType = "com.apple.product-type.application";
		};
/* End PBXNativeTarget section */

/* Begin PBXProject section */
		9AA9FE93251ADEDB00E61C33 /* Project object */ = {
			isa = PBXProject;
			attributes = {
				LastSwiftUpdateCheck = 1200;
				LastUpgradeCheck = 1200;
				TargetAttributes = {
					9AA9FE9A251ADEDB00E61C33 = {
						CreatedOnToolsVersion = 12.0;
					};
				};
			};
			buildConfigurationList = 9AA9FE96251ADEDB00E61C33 /* Build configuration list for PBXProject "algorithm" */;
			compatibilityVersion = "Xcode 9.3";
			developmentRegion = en;
			hasScannedForEncodings = 0;
			knownRegions = (
				en,
				Base,
			);
			mainGroup = 9AA9FE92251ADEDB00E61C33;
			productRefGroup = 9AA9FE9C251ADEDB00E61C33 /* Products */;
			projectDirPath = "";
			projectRoot = "";
			targets = (
				9AA9FE9A251ADEDB00E61C33 /* algorithm */,
			);
		};
/* End PBXProject section */

/* Begin PBXResourcesBuildPhase section */
		9AA9FE99251ADEDB00E61C33 /* Resources */ = {
			isa = PBXResourcesBuildPhase;
			buildActionMask = 2147483647;
			files = (
				9AA9FEAB251ADEDE00E61C33 /* LaunchScreen.storyboard in Resources */,
				9AA9FEA8251ADEDE00E61C33 /* Assets.xcassets in Resources */,
				9AA9FEA6251ADEDB00E61C33 /* Main.storyboard in Resources */,
			);
			runOnlyForDeploymentPostprocessing = 0;
		};
/* End PBXResourcesBuildPhase section */

/* Begin PBXSourcesBuildPhase section */
		9AA9FE97251ADEDB00E61C33 /* Sources */ = {
			isa = PBXSourcesBuildPhase;
			buildActionMask = 2147483647;
			files = (
				9AA9FEA3251ADEDB00E61C33 /* ViewController.swift in Sources */,
				9AA9FE9F251ADEDB00E61C33 /* AppDelegate.swift in Sources */,
				9AA9FEA1251ADEDB00E61C33 /* SceneDelegate.swift in Sources */,
			);
			runOnlyForDeploymentPostprocessing = 0;
		};
/* End PBXSourcesBuildPhase section */

/* Begin PBXVariantGroup section */
		9AA9FEA4251ADEDB00E61C33 /* Main.storyboard */ = {
			isa = PBXVariantGroup;
			children = (
				9AA9FEA5251ADEDB00E61C33 /* Base */,
			);
			name = Main.storyboard;
			sourceTree = "<group>";
		};
		9AA9FEA9251ADEDE00E61C33 /* LaunchScreen.storyboard */ = {
			isa = PBXVariantGroup;
			children = (
				9AA9FEAA251ADEDE00E61C33 /* Base */,
			);
			name = LaunchScreen.storyboard;
			sourceTree = "<group>";
		};
/* End PBXVariantGroup section */

/* Begin XCBuildConfiguration section */
		9AA9FEAD251ADEDE00E61C33 /* Debug */ = {
			isa = XCBuildConfiguration;
			buildSettings = {
				ALWAYS_SEARCH_USER_PATHS = NO;
				CLANG_ANALYZER_NONNULL = YES;
				CLANG_ANALYZER_NUMBER_OBJECT_CONVERSION = YES_AGGRESSIVE;
				CLANG_CXX_LANGUAGE_STANDARD = "gnu++14";
				CLANG_CXX_LIBRARY = "libc++";
				CLANG_ENABLE_MODULES = YES;
				CLANG_ENABLE_OBJC_ARC = YES;
				CLANG_ENABLE_OBJC_WEAK = YES;
				CLANG_WARN_BLOCK_CAPTURE_AUTORELEASING = YES;
				CLANG_WARN_BOOL_CONVERSION = YES;
				CLANG_WARN_COMMA = YES;
				CLANG_WARN_CONSTANT_CONVERSION = YES;
				CLANG_WARN_DEPRECATED_OBJC_IMPLEMENTATIONS = YES;
				CLANG_WARN_DIRECT_OBJC_ISA_USAGE = YES_ERROR;
				CLANG_WARN_DOCUMENTATION_COMMENTS = YES;
				CLANG_WARN_EMPTY_BODY = YES;
				CLANG_WARN_ENUM_CONVERSION = YES;
				CLANG_WARN_INFINITE_RECURSION = YES;
				CLANG_WARN_INT_CONVERSION = YES;
				CLANG_WARN_NON_LITERAL_NULL_CONVERSION = YES;
				CLANG_WARN_OBJC_IMPLICIT_RETAIN_SELF = YES;
				CLANG_WARN_OBJC_LITERAL_CONVERSION = YES;
				CLANG_WARN_OBJC_ROOT_CLASS = YES_ERROR;
				CLANG_WARN_QUOTED_INCLUDE_IN_FRAMEWORK_HEADER = YES;
				CLANG_WARN_RANGE_LOOP_ANALYSIS = YES;
				CLANG_WARN_STRICT_PROTOTYPES = YES;
				CLANG_WARN_SUSPICIOUS_MOVE = YES;
				CLANG_WARN_UNGUARDED_AVAILABILITY = YES_AGGRESSIVE;
				CLANG_WARN_UNREACHABLE_CODE = YES;
				CLANG_WARN__DUPLICATE_METHOD_MATCH = YES;
				COPY_PHASE_STRIP = NO;
				DEBUG_INFORMATION_FORMAT = dwarf;
				ENABLE_STRICT_OBJC_MSGSEND = YES;
				ENABLE_TESTABILITY = YES;
				GCC_C_LANGUAGE_STANDARD = gnu11;
				GCC_DYNAMIC_NO_PIC = NO;
				GCC_NO_COMMON_BLOCKS = YES;
				GCC_OPTIMIZATION_LEVEL = 0;
				GCC_PREPROCESSOR_DEFINITIONS = (
					"DEBUG=1",
					"$(inherited)",
				);
				GCC_WARN_64_TO_32_BIT_CONVERSION = YES;
				GCC_WARN_ABOUT_RETURN_TYPE = YES_ERROR;
				GCC_WARN_UNDECLARED_SELECTOR = YES;
				GCC_WARN_UNINITIALIZED_AUTOS = YES_AGGRESSIVE;
				GCC_WARN_UNUSED_FUNCTION = YES;
				GCC_WARN_UNUSED_VARIABLE = YES;
				IPHONEOS_DEPLOYMENT_TARGET = 14.0;
				MTL_ENABLE_DEBUG_INFO = INCLUDE_SOURCE;
				MTL_FAST_MATH = YES;
				ONLY_ACTIVE_ARCH = YES;
				SDKROOT = iphoneos;
				SWIFT_ACTIVE_COMPILATION_CONDITIONS = DEBUG;
				SWIFT_OPTIMIZATION_LEVEL = "-Onone";
			};
			name = Debug;
		};
		9AA9FEAE251ADEDE00E61C33 /* Release */ = {
			isa = XCBuildConfiguration;
			buildSettings = {
				ALWAYS_SEARCH_USER_PATHS = NO;
				CLANG_ANALYZER_NONNULL = YES;
				CLANG_ANALYZER_NUMBER_OBJECT_CONVERSION = YES_AGGRESSIVE;
				CLANG_CXX_LANGUAGE_STANDARD = "gnu++14";
				CLANG_CXX_LIBRARY = "libc++";
				CLANG_ENABLE_MODULES = YES;
				CLANG_ENABLE_OBJC_ARC = YES;
				CLANG_ENABLE_OBJC_WEAK = YES;
				CLANG_WARN_BLOCK_CAPTURE_AUTORELEASING = YES;
				CLANG_WARN_BOOL_CONVERSION = YES;
				CLANG_WARN_COMMA = YES;
				CLANG_WARN_CONSTANT_CONVERSION = YES;
				CLANG_WARN_DEPRECATED_OBJC_IMPLEMENTATIONS = YES;
				CLANG_WARN_DIRECT_OBJC_ISA_USAGE = YES_ERROR;
				CLANG_WARN_DOCUMENTATION_COMMENTS = YES;
				CLANG_WARN_EMPTY_BODY = YES;
				CLANG_WARN_ENUM_CONVERSION = YES;
				CLANG_WARN_INFINITE_RECURSION = YES;
				CLANG_WARN_INT_CONVERSION = YES;
				CLANG_WARN_NON_LITERAL_NULL_CONVERSION = YES;
				CLANG_WARN_OBJC_IMPLICIT_RETAIN_SELF = YES;
				CLANG_WARN_OBJC_LITERAL_CONVERSION = YES;
				CLANG_WARN_OBJC_ROOT_CLASS = YES_ERROR;
				CLANG_WARN_QUOTED_INCLUDE_IN_FRAMEWORK_HEADER = YES;
				CLANG_WARN_RANGE_LOOP_ANALYSIS = YES;
				CLANG_WARN_STRICT_PROTOTYPES = YES;
				CLANG_WARN_SUSPICIOUS_MOVE = YES;
				CLANG_WARN_UNGUARDED_AVAILABILITY = YES_AGGRESSIVE;
				CLANG_WARN_UNREACHABLE_CODE = YES;
				CLANG_WARN__DUPLICATE_METHOD_MATCH = YES;
				COPY_PHASE_STRIP = NO;
				DEBUG_INFORMATION_FORMAT = "dwarf-with-dsym";
				ENABLE_NS_ASSERTIONS = NO;
				ENABLE_STRICT_OBJC_MSGSEND = YES;
				GCC_C_LANGUAGE_STANDARD = gnu11;
				GCC_NO_COMMON_BLOCKS = YES;
				GCC_WARN_64_TO_32_BIT_CONVERSION = YES;
				GCC_WARN_ABOUT_RETURN_TYPE = YES_ERROR;
				GCC_WARN_UNDECLARED_SELECTOR = YES;
				GCC_WARN_UNINITIALIZED_AUTOS = YES_AGGRESSIVE;
				GCC_WARN_UNUSED_FUNCTION = YES;
				GCC_WARN_UNUSED_VARIABLE = YES;
				IPHONEOS_DEPLOYMENT_TARGET = 14.0;
				MTL_ENABLE_DEBUG_INFO = NO;
				MTL_FAST_MATH = YES;
				SDKROOT = iphoneos;
				SWIFT_COMPILATION_MODE = wholemodule;
				SWIFT_OPTIMIZATION_LEVEL = "-O";
				VALIDATE_PRODUCT = YES;
			};
			name = Release;
		};
		9AA9FEB0251ADEDE00E61C33 /* Debug */ = {
			isa = XCBuildConfiguration;
			buildSettings = {
				ASSETCATALOG_COMPILER_APPICON_NAME = AppIcon;
				ASSETCATALOG_COMPILER_GLOBAL_ACCENT_COLOR_NAME = AccentColor;
				CODE_SIGN_STYLE = Automatic;
				DEVELOPMENT_TEAM = W73H6NUGW4;
				INFOPLIST_FILE = algorithm/Info.plist;
				LD_RUNPATH_SEARCH_PATHS = (
					"$(inherited)",
					"@executable_path/Frameworks",
				);
				PRODUCT_BUNDLE_IDENTIFIER = kr.colby.algorithm;
				PRODUCT_NAME = "$(TARGET_NAME)";
				SWIFT_VERSION = 5.0;
				TARGETED_DEVICE_FAMILY = "1,2";
			};
			name = Debug;
		};
		9AA9FEB1251ADEDE00E61C33 /* Release */ = {
			isa = XCBuildConfiguration;
			buildSettings = {
				ASSETCATALOG_COMPILER_APPICON_NAME = AppIcon;
				ASSETCATALOG_COMPILER_GLOBAL_ACCENT_COLOR_NAME = AccentColor;
				CODE_SIGN_STYLE = Automatic;
				DEVELOPMENT_TEAM = W73H6NUGW4;
				INFOPLIST_FILE = algorithm/Info.plist;
				LD_RUNPATH_SEARCH_PATHS = (
					"$(inherited)",
					"@executable_path/Frameworks",
				);
				PRODUCT_BUNDLE_IDENTIFIER = kr.colby.algorithm;
				PRODUCT_NAME = "$(TARGET_NAME)";
				SWIFT_VERSION = 5.0;
				TARGETED_DEVICE_FAMILY = "1,2";
			};
			name = Release;
		};
/* End XCBuildConfiguration section */

/* Begin XCConfigurationList section */
		9AA9FE96251ADEDB00E61C33 /* Build configuration list for PBXProject "algorithm" */ = {
			isa = XCConfigurationList;
			buildConfigurations = (
				9AA9FEAD251ADEDE00E61C33 /* Debug */,
				9AA9FEAE251ADEDE00E61C33 /* Release */,
			);
			defaultConfigurationIsVisible = 0;
			defaultConfigurationName = Release;
		};
		9AA9FEAF251ADEDE00E61C33 /* Build configuration list for PBXNativeTarget "algorithm" */ = {
			isa = XCConfigurationList;
			buildConfigurations = (
				9AA9FEB0251ADEDE00E61C33 /* Debug */,
				9AA9FEB1251ADEDE00E61C33 /* Release */,
			);
			defaultConfigurationIsVisible = 0;
			defaultConfigurationName = Release;
		};
/* End XCConfigurationList section */
	};
	rootObject = 9AA9FE93251ADEDB00E61C33 /* Project object */;
}
