// !$*UTF8*$!
{
	archiveVersion = 1;
	classes = {
	};
	objectVersion = 50;
	objects = {

/* Begin PBXBuildFile section */
		9AA9FE9F251ADEDB00E61C33 /* AppDelegate.swift in Sources */ = {isa = PBXBuildFile; fileRef = 9AA9FE9E251ADEDB00E61C33 /* AppDelegate.swift */; };
		9AA9FEA1251ADEDB00E61C33 /* SceneDelegate.swift in Sources */ = {isa = PBXBuildFile; fileRef = 9AA9FEA0251ADEDB00E61C33 /* SceneDelegate.swift */; };
		9AA9FEA3251ADEDB00E61C33 /* ViewController.swift in Sources */ = {isa = PBXBuildFile; fileRef = 9AA9FEA2251ADEDB00E61C33 /* ViewController.swift */; };
		9AA9FEA6251ADEDB00E61C33 /* Main.storyboard in Resources */ = {isa = PBXBuildFile; fileRef = 9AA9FEA4251ADEDB00E61C33 /* Main.storyboard */; };
		9AA9FEA8251ADEDE00E61C33 /* Assets.xcassets in Resources */ = {isa = PBXBuildFile; fileRef = 9AA9FEA7251ADEDE00E61C33 /* Assets.xcassets */; };
		9AA9FEAB251ADEDE00E61C33 /* LaunchScreen.storyboard in Resources */ = {isa = PBXBuildFile; fileRef = 9AA9FEA9251ADEDE00E61C33 /* LaunchScreen.storyboard */; };
/* End PBXBuildFile section */

/* Begin PBXFileReference section */
		7B47F5CB252EB1AC00048759 /* 베스트앨범.playground */ = {isa = PBXFileReference; lastKnownFileType = file.playground; path = "베스트앨범.playground"; sourceTree = "<group>"; xcLanguageSpecificationIdentifier = xcode.lang.swift; };
		7B47F5CE252EC5CC00048759 /* 기능개발.playground */ = {isa = PBXFileReference; lastKnownFileType = file.playground; path = "기능개발.playground"; sourceTree = "<group>"; xcLanguageSpecificationIdentifier = xcode.lang.swift; };
		7B47F5D0252ECF9D00048759 /* 다리를 지나는 트럭.playground */ = {isa = PBXFileReference; lastKnownFileType = file.playground; path = "다리를 지나는 트럭.playground"; sourceTree = "<group>"; xcLanguageSpecificationIdentifier = xcode.lang.swift; };
		7B47F5D2252EF6D000048759 /* 프린터.playground */ = {isa = PBXFileReference; lastKnownFileType = file.playground; path = "프린터.playground"; sourceTree = "<group>"; xcLanguageSpecificationIdentifier = xcode.lang.swift; };
		7B47F5D4252F01E700048759 /* 가장 큰 수.playground */ = {isa = PBXFileReference; lastKnownFileType = file.playground; path = "가장 큰 수.playground"; sourceTree = "<group>"; xcLanguageSpecificationIdentifier = xcode.lang.swift; };
		7B47F5D62530054C00048759 /* H-Index.playground */ = {isa = PBXFileReference; lastKnownFileType = file.playground; path = "H-Index.playground"; sourceTree = "<group>"; xcLanguageSpecificationIdentifier = xcode.lang.swift; };
		7B47F5DA253019D300048759 /* 수열.playground */ = {isa = PBXFileReference; lastKnownFileType = file.playground; path = "수열.playground"; sourceTree = "<group>"; xcLanguageSpecificationIdentifier = xcode.lang.swift; };
		7B47F5DE253038C800048759 /* 카펫.playground */ = {isa = PBXFileReference; lastKnownFileType = file.playground; path = "카펫.playground"; sourceTree = "<group>"; xcLanguageSpecificationIdentifier = xcode.lang.swift; };
		7B47F5E0253041A300048759 /* 타겟 넘버.playground */ = {isa = PBXFileReference; lastKnownFileType = file.playground; path = "타겟 넘버.playground"; sourceTree = "<group>"; xcLanguageSpecificationIdentifier = xcode.lang.swift; };
		7B47F5E22530524600048759 /* 디스크 컨트롤러.playground */ = {isa = PBXFileReference; lastKnownFileType = file.playground; path = "디스크 컨트롤러.playground"; sourceTree = "<group>"; xcLanguageSpecificationIdentifier = xcode.lang.swift; };
		7B47F5E425306D1E00048759 /* 이중우선순위큐.playground */ = {isa = PBXFileReference; lastKnownFileType = file.playground; path = "이중우선순위큐.playground"; sourceTree = "<group>"; xcLanguageSpecificationIdentifier = xcode.lang.swift; };
		7B47F5E625307CE000048759 /* 큰 수 만들기.playground */ = {isa = PBXFileReference; lastKnownFileType = file.playground; path = "큰 수 만들기.playground"; sourceTree = "<group>"; xcLanguageSpecificationIdentifier = xcode.lang.swift; };
		7B47F5EE253127D100048759 /* 조이스틱.playground */ = {isa = PBXFileReference; lastKnownFileType = file.playground; path = "조이스틱.playground"; sourceTree = "<group>"; xcLanguageSpecificationIdentifier = xcode.lang.swift; };
		7B47F5F12531391600048759 /* 네트워크.playground */ = {isa = PBXFileReference; lastKnownFileType = file.playground; path = "네트워크.playground"; sourceTree = "<group>"; xcLanguageSpecificationIdentifier = xcode.lang.swift; };
		7B47F5F325314A4F00048759 /* 단어 변환.playground */ = {isa = PBXFileReference; lastKnownFileType = file.playground; path = "단어 변환.playground"; sourceTree = "<group>"; xcLanguageSpecificationIdentifier = xcode.lang.swift; };
		7B47F5F52531590600048759 /* 여행경로.playground */ = {isa = PBXFileReference; lastKnownFileType = file.playground; path = "여행경로.playground"; sourceTree = "<group>"; xcLanguageSpecificationIdentifier = xcode.lang.swift; };
		7B47F5F725316EDD00048759 /* N으로 표현.playground */ = {isa = PBXFileReference; lastKnownFileType = file.playground; path = "N으로 표현.playground"; sourceTree = "<group>"; xcLanguageSpecificationIdentifier = xcode.lang.swift; };
		7B47F5F92531967200048759 /* 입국심사.playground */ = {isa = PBXFileReference; lastKnownFileType = file.playground; path = "입국심사.playground"; sourceTree = "<group>"; xcLanguageSpecificationIdentifier = xcode.lang.swift; };
		7B47F5FB2531AA9200048759 /* 가장 먼 노드.playground */ = {isa = PBXFileReference; lastKnownFileType = file.playground; path = "가장 먼 노드.playground"; sourceTree = "<group>"; xcLanguageSpecificationIdentifier = xcode.lang.swift; };
		7B47F5FE2531B4C100048759 /* 최댓값과 최솟값.playground */ = {isa = PBXFileReference; lastKnownFileType = file.playground; path = "최댓값과 최솟값.playground"; sourceTree = "<group>"; xcLanguageSpecificationIdentifier = xcode.lang.swift; };
		7B47F6002531B50200048759 /* 다음 큰 숫자.playground */ = {isa = PBXFileReference; lastKnownFileType = file.playground; path = "다음 큰 숫자.playground"; sourceTree = "<group>"; xcLanguageSpecificationIdentifier = xcode.lang.swift; };
		7B47F6022531C11500048759 /* 올바른 괄호.playground */ = {isa = PBXFileReference; lastKnownFileType = file.playground; path = "올바른 괄호.playground"; sourceTree = "<group>"; xcLanguageSpecificationIdentifier = xcode.lang.swift; };
		7B47F6042531C2B400048759 /* 스킬트리.playground */ = {isa = PBXFileReference; lastKnownFileType = file.playground; path = "스킬트리.playground"; sourceTree = "<group>"; xcLanguageSpecificationIdentifier = xcode.lang.swift; };
		7B47F6062531D13200048759 /* 삼각 달팽이.playground */ = {isa = PBXFileReference; lastKnownFileType = file.playground; path = "삼각 달팽이.playground"; sourceTree = "<group>"; xcLanguageSpecificationIdentifier = xcode.lang.swift; };
		7B47F6082531E4DF00048759 /* 최솟값 만들기.playground */ = {isa = PBXFileReference; lastKnownFileType = file.playground; path = "최솟값 만들기.playground"; sourceTree = "<group>"; xcLanguageSpecificationIdentifier = xcode.lang.swift; };
		7B47F60A2531E96B00048759 /* 가장 큰 정사각형 찾기.playground */ = {isa = PBXFileReference; lastKnownFileType = file.playground; path = "가장 큰 정사각형 찾기.playground"; sourceTree = "<group>"; xcLanguageSpecificationIdentifier = xcode.lang.swift; };
		7B47F60C2531F3FA00048759 /* 멀쩡한 사각형.playground */ = {isa = PBXFileReference; lastKnownFileType = file.playground; path = "멀쩡한 사각형.playground"; sourceTree = "<group>"; xcLanguageSpecificationIdentifier = xcode.lang.swift; };
		7B47F60E2531FDF000048759 /* 행렬의 곱셈.playground */ = {isa = PBXFileReference; lastKnownFileType = file.playground; path = "행렬의 곱셈.playground"; sourceTree = "<group>"; xcLanguageSpecificationIdentifier = xcode.lang.swift; };
		7B47F6102532083B00048759 /* 땅따먹기.playground */ = {isa = PBXFileReference; lastKnownFileType = file.playground; path = "땅따먹기.playground"; sourceTree = "<group>"; xcLanguageSpecificationIdentifier = xcode.lang.swift; };
		7B47F61225326DFF00048759 /* JadenCase 문자열 만들기.playground */ = {isa = PBXFileReference; lastKnownFileType = file.playground; path = "JadenCase 문자열 만들기.playground"; sourceTree = "<group>"; xcLanguageSpecificationIdentifier = xcode.lang.swift; };
		7B47F6142532788300048759 /* N개의 최소공배수.playground */ = {isa = PBXFileReference; lastKnownFileType = file.playground; path = "N개의 최소공배수.playground"; sourceTree = "<group>"; xcLanguageSpecificationIdentifier = xcode.lang.swift; };
		7B47F61625327DF900048759 /* 짝지어 제거하기.playground */ = {isa = PBXFileReference; lastKnownFileType = file.playground; path = "짝지어 제거하기.playground"; sourceTree = "<group>"; xcLanguageSpecificationIdentifier = xcode.lang.swift; };
		7B47F6182532872200048759 /* 소수 만들기.playground */ = {isa = PBXFileReference; lastKnownFileType = file.playground; path = "소수 만들기.playground"; sourceTree = "<group>"; xcLanguageSpecificationIdentifier = xcode.lang.swift; };
		7B47F61A253292AF00048759 /* 영어 끝말잇기.playground */ = {isa = PBXFileReference; lastKnownFileType = file.playground; path = "영어 끝말잇기.playground"; sourceTree = "<group>"; xcLanguageSpecificationIdentifier = xcode.lang.swift; };
		7B47F61C2532AD1F00048759 /* 점프와 순간 이동.playground */ = {isa = PBXFileReference; lastKnownFileType = file.playground; path = "점프와 순간 이동.playground"; sourceTree = "<group>"; xcLanguageSpecificationIdentifier = xcode.lang.swift; };
		7B47F61E2532AF6F00048759 /* 예상 대진표.playground */ = {isa = PBXFileReference; lastKnownFileType = file.playground; path = "예상 대진표.playground"; sourceTree = "<group>"; xcLanguageSpecificationIdentifier = xcode.lang.swift; };
		7BEBFA40252EA3D400F93921 /* 위장.playground */ = {isa = PBXFileReference; lastKnownFileType = file.playground; path = "위장.playground"; sourceTree = "<group>"; xcLanguageSpecificationIdentifier = xcode.lang.swift; };
		9A354BE3252301530000B46B /* 피보나치 수.playground */ = {isa = PBXFileReference; lastKnownFileType = file.playground; path = "피보나치 수.playground"; sourceTree = "<group>"; xcLanguageSpecificationIdentifier = xcode.lang.swift; };
		9A354BE5252302500000B46B /* 기능개발.playground */ = {isa = PBXFileReference; lastKnownFileType = file.playground; path = "기능개발.playground"; sourceTree = "<group>"; xcLanguageSpecificationIdentifier = xcode.lang.swift; };
		9A354BE7252302E50000B46B /* 소수 찾기.playground */ = {isa = PBXFileReference; lastKnownFileType = file.playground; path = "소수 찾기.playground"; sourceTree = "<group>"; xcLanguageSpecificationIdentifier = xcode.lang.swift; };
		9AA9FE9B251ADEDB00E61C33 /* algorithm.app */ = {isa = PBXFileReference; explicitFileType = wrapper.application; includeInIndex = 0; path = algorithm.app; sourceTree = BUILT_PRODUCTS_DIR; };
		9AA9FE9E251ADEDB00E61C33 /* AppDelegate.swift */ = {isa = PBXFileReference; lastKnownFileType = sourcecode.swift; path = AppDelegate.swift; sourceTree = "<group>"; };
		9AA9FEA0251ADEDB00E61C33 /* SceneDelegate.swift */ = {isa = PBXFileReference; lastKnownFileType = sourcecode.swift; path = SceneDelegate.swift; sourceTree = "<group>"; };
		9AA9FEA2251ADEDB00E61C33 /* ViewController.swift */ = {isa = PBXFileReference; lastKnownFileType = sourcecode.swift; path = ViewController.swift; sourceTree = "<group>"; };
		9AA9FEA5251ADEDB00E61C33 /* Base */ = {isa = PBXFileReference; lastKnownFileType = file.storyboard; name = Base; path = Base.lproj/Main.storyboard; sourceTree = "<group>"; };
		9AA9FEA7251ADEDE00E61C33 /* Assets.xcassets */ = {isa = PBXFileReference; lastKnownFileType = folder.assetcatalog; path = Assets.xcassets; sourceTree = "<group>"; };
		9AA9FEAA251ADEDE00E61C33 /* Base */ = {isa = PBXFileReference; lastKnownFileType = file.storyboard; name = Base; path = Base.lproj/LaunchScreen.storyboard; sourceTree = "<group>"; };
		9AA9FEAC251ADEDE00E61C33 /* Info.plist */ = {isa = PBXFileReference; lastKnownFileType = text.plist.xml; path = Info.plist; sourceTree = "<group>"; };
		9AA9FEB5251ADFA400E61C33 /* 문자열을 정수로 바꾸기.playground */ = {isa = PBXFileReference; lastKnownFileType = file.playground; path = "문자열을 정수로 바꾸기.playground"; sourceTree = "<group>"; xcLanguageSpecificationIdentifier = xcode.lang.swift; };
		9AA9FEB6251ADFA400E61C33 /* 서울에서 김서방 찾기.playground */ = {isa = PBXFileReference; lastKnownFileType = file.playground; path = "서울에서 김서방 찾기.playground"; sourceTree = "<group>"; xcLanguageSpecificationIdentifier = xcode.lang.swift; };
		9AA9FEB7251ADFA400E61C33 /* 문자열 내림차순으로 배치하기.playground */ = {isa = PBXFileReference; lastKnownFileType = file.playground; path = "문자열 내림차순으로 배치하기.playground"; sourceTree = "<group>"; xcLanguageSpecificationIdentifier = xcode.lang.swift; };
		9AA9FEB8251ADFA400E61C33 /* 수박수박수박수박수박수.playground */ = {isa = PBXFileReference; lastKnownFileType = file.playground; path = "수박수박수박수박수박수.playground"; sourceTree = "<group>"; xcLanguageSpecificationIdentifier = xcode.lang.swift; };
		9AA9FEB9251ADFA400E61C33 /* 모의고사.playground */ = {isa = PBXFileReference; lastKnownFileType = file.playground; path = "모의고사.playground"; sourceTree = "<group>"; xcLanguageSpecificationIdentifier = xcode.lang.swift; };
		9AA9FEBA251ADFA400E61C33 /* 크레인 인형뽑기 게임.playground */ = {isa = PBXFileReference; lastKnownFileType = file.playground; path = "크레인 인형뽑기 게임.playground"; sourceTree = "<group>"; xcLanguageSpecificationIdentifier = xcode.lang.swift; };
		9AA9FEBB251ADFA400E61C33 /* 하샤드 수.playground */ = {isa = PBXFileReference; lastKnownFileType = file.playground; path = "하샤드 수.playground"; sourceTree = "<group>"; xcLanguageSpecificationIdentifier = xcode.lang.swift; };
		9AA9FEBC251ADFA500E61C33 /* 두 개 뽑아서 더하기.playground */ = {isa = PBXFileReference; lastKnownFileType = file.playground; path = "두 개 뽑아서 더하기.playground"; sourceTree = "<group>"; xcLanguageSpecificationIdentifier = xcode.lang.swift; };
		9AA9FEBD251ADFA500E61C33 /* 두 정수 사이의 합.playground */ = {isa = PBXFileReference; lastKnownFileType = file.playground; path = "두 정수 사이의 합.playground"; sourceTree = "<group>"; xcLanguageSpecificationIdentifier = xcode.lang.swift; };
		9AA9FEBE251ADFA500E61C33 /* 시저 암호.playground */ = {isa = PBXFileReference; lastKnownFileType = file.playground; path = "시저 암호.playground"; sourceTree = "<group>"; xcLanguageSpecificationIdentifier = xcode.lang.swift; };
		9AA9FEBF251ADFA500E61C33 /* 정수 제곱근 판별.playground */ = {isa = PBXFileReference; lastKnownFileType = file.playground; path = "정수 제곱근 판별.playground"; sourceTree = "<group>"; xcLanguageSpecificationIdentifier = xcode.lang.swift; };
		9AA9FEC0251ADFA500E61C33 /* 문자열 다루기 기본.playground */ = {isa = PBXFileReference; lastKnownFileType = file.playground; path = "문자열 다루기 기본.playground"; sourceTree = "<group>"; xcLanguageSpecificationIdentifier = xcode.lang.swift; };
		9AA9FEC1251ADFA500E61C33 /* 나누어 떨어지는 숫자 배열.playground */ = {isa = PBXFileReference; lastKnownFileType = file.playground; path = "나누어 떨어지는 숫자 배열.playground"; sourceTree = "<group>"; xcLanguageSpecificationIdentifier = xcode.lang.swift; };
		9AA9FEC2251ADFA500E61C33 /* 소수 찾기.playground */ = {isa = PBXFileReference; lastKnownFileType = file.playground; path = "소수 찾기.playground"; sourceTree = "<group>"; xcLanguageSpecificationIdentifier = xcode.lang.swift; };
		9AA9FEC3251ADFA500E61C33 /* 문자열 내 p와 y의 개수.playground */ = {isa = PBXFileReference; lastKnownFileType = file.playground; path = "문자열 내 p와 y의 개수.playground"; sourceTree = "<group>"; xcLanguageSpecificationIdentifier = xcode.lang.swift; };
		9AA9FEC4251ADFA600E61C33 /* 약수의 합.playground */ = {isa = PBXFileReference; lastKnownFileType = file.playground; path = "약수의 합.playground"; sourceTree = "<group>"; xcLanguageSpecificationIdentifier = xcode.lang.swift; };
		9AA9FEC5251ADFA600E61C33 /* K번째수.playground */ = {isa = PBXFileReference; lastKnownFileType = file.playground; path = "K번째수.playground"; sourceTree = "<group>"; xcLanguageSpecificationIdentifier = xcode.lang.swift; };
		9AA9FEC6251ADFA600E61C33 /* 2016년.playground */ = {isa = PBXFileReference; lastKnownFileType = file.playground; path = "2016년.playground"; sourceTree = "<group>"; xcLanguageSpecificationIdentifier = xcode.lang.swift; };
		9AA9FEC7251ADFA600E61C33 /* 문자열 내 마음대로 정렬하기.playground */ = {isa = PBXFileReference; lastKnownFileType = file.playground; path = "문자열 내 마음대로 정렬하기.playground"; sourceTree = "<group>"; xcLanguageSpecificationIdentifier = xcode.lang.swift; };
		9AA9FEC8251ADFA600E61C33 /* 체육복.playground */ = {isa = PBXFileReference; lastKnownFileType = file.playground; path = "체육복.playground"; sourceTree = "<group>"; xcLanguageSpecificationIdentifier = xcode.lang.swift; };
		9AA9FEC9251ADFA600E61C33 /* 이상한 문자 만들기.playground */ = {isa = PBXFileReference; lastKnownFileType = file.playground; path = "이상한 문자 만들기.playground"; sourceTree = "<group>"; xcLanguageSpecificationIdentifier = xcode.lang.swift; };
		9AA9FECA251ADFA600E61C33 /* test.playground */ = {isa = PBXFileReference; lastKnownFileType = file.playground; path = test.playground; sourceTree = "<group>"; xcLanguageSpecificationIdentifier = xcode.lang.swift; };
		9AA9FECB251ADFA700E61C33 /* 가운데 글자 가져오기.playground */ = {isa = PBXFileReference; lastKnownFileType = file.playground; path = "가운데 글자 가져오기.playground"; sourceTree = "<group>"; xcLanguageSpecificationIdentifier = xcode.lang.swift; };
		9AA9FECE251AE14700E61C33 /* 자릿수 더하기.playground */ = {isa = PBXFileReference; lastKnownFileType = file.playground; path = "자릿수 더하기.playground"; sourceTree = "<group>"; xcLanguageSpecificationIdentifier = xcode.lang.swift; };
		9AA9FED2251AE2D000E61C33 /* 자연수 뒤집어 배열로 만들기.playground */ = {isa = PBXFileReference; lastKnownFileType = file.playground; path = "자연수 뒤집어 배열로 만들기.playground"; sourceTree = "<group>"; xcLanguageSpecificationIdentifier = xcode.lang.swift; };
		9AA9FED4251AE39100E61C33 /* 정수 내림차순으로 배치하기.playground */ = {isa = PBXFileReference; lastKnownFileType = file.playground; path = "정수 내림차순으로 배치하기.playground"; sourceTree = "<group>"; xcLanguageSpecificationIdentifier = xcode.lang.swift; };
		9AA9FED6251AE4F500E61C33 /* 제일 작은 수 제거하기.playground */ = {isa = PBXFileReference; lastKnownFileType = file.playground; path = "제일 작은 수 제거하기.playground"; sourceTree = "<group>"; xcLanguageSpecificationIdentifier = xcode.lang.swift; };
		9AA9FED8251AE6FC00E61C33 /* 짝수와 홀수.playground */ = {isa = PBXFileReference; lastKnownFileType = file.playground; path = "짝수와 홀수.playground"; sourceTree = "<group>"; xcLanguageSpecificationIdentifier = xcode.lang.swift; };
		9AA9FEDA251AE7BF00E61C33 /* 최대공약수와 최소공배수.playground */ = {isa = PBXFileReference; lastKnownFileType = file.playground; path = "최대공약수와 최소공배수.playground"; sourceTree = "<group>"; xcLanguageSpecificationIdentifier = xcode.lang.swift; };
		9AA9FEDD251B0CA900E61C33 /* 콜라츠 추측.playground */ = {isa = PBXFileReference; lastKnownFileType = file.playground; path = "콜라츠 추측.playground"; sourceTree = "<group>"; xcLanguageSpecificationIdentifier = xcode.lang.swift; };
		9AA9FEE4251B109200E61C33 /* 평균 구하기.playground */ = {isa = PBXFileReference; lastKnownFileType = file.playground; path = "평균 구하기.playground"; sourceTree = "<group>"; xcLanguageSpecificationIdentifier = xcode.lang.swift; };
		9AA9FEE6251B126B00E61C33 /* 핸드폰 번호 가리기.playground */ = {isa = PBXFileReference; lastKnownFileType = file.playground; path = "핸드폰 번호 가리기.playground"; sourceTree = "<group>"; xcLanguageSpecificationIdentifier = xcode.lang.swift; };
		9AA9FEEC251B1B2500E61C33 /* 행렬의 덧셈.playground */ = {isa = PBXFileReference; lastKnownFileType = file.playground; path = "행렬의 덧셈.playground"; sourceTree = "<group>"; xcLanguageSpecificationIdentifier = xcode.lang.swift; };
		9AA9FEEE251B223B00E61C33 /* x만큼 간격이 있는 n개의 숫자.playground */ = {isa = PBXFileReference; lastKnownFileType = file.playground; path = "x만큼 간격이 있는 n개의 숫자.playground"; sourceTree = "<group>"; xcLanguageSpecificationIdentifier = xcode.lang.swift; };
		9AA9FEF0251B24D200E61C33 /* 직사각형 별찍기.playground */ = {isa = PBXFileReference; lastKnownFileType = file.playground; path = "직사각형 별찍기.playground"; sourceTree = "<group>"; xcLanguageSpecificationIdentifier = xcode.lang.swift; };
		9AA9FEF2251B26BB00E61C33 /* [카카오 인턴]키패드 누르기.playground */ = {isa = PBXFileReference; lastKnownFileType = file.playground; path = "[카카오 인턴]키패드 누르기.playground"; sourceTree = "<group>"; xcLanguageSpecificationIdentifier = xcode.lang.swift; };
		9AA9FEF4251C38CE00E61C33 /* 예산.playground */ = {isa = PBXFileReference; lastKnownFileType = file.playground; path = "예산.playground"; sourceTree = "<group>"; xcLanguageSpecificationIdentifier = xcode.lang.swift; };
		9AA9FEF6251C3AB900E61C33 /* 비밀지도.playground */ = {isa = PBXFileReference; lastKnownFileType = file.playground; path = "비밀지도.playground"; sourceTree = "<group>"; xcLanguageSpecificationIdentifier = xcode.lang.swift; };
		9AA9FEF8251C45BB00E61C33 /* 다트 게임.playground */ = {isa = PBXFileReference; lastKnownFileType = file.playground; path = "다트 게임.playground"; sourceTree = "<group>"; xcLanguageSpecificationIdentifier = xcode.lang.swift; };
		9ACC67772521A178006B4344 /* MVVM.playground */ = {isa = PBXFileReference; lastKnownFileType = file.playground; path = MVVM.playground; sourceTree = "<group>"; xcLanguageSpecificationIdentifier = xcode.lang.swift; };
/* End PBXFileReference section */

/* Begin PBXFrameworksBuildPhase section */
		9AA9FE98251ADEDB00E61C33 /* Frameworks */ = {
			isa = PBXFrameworksBuildPhase;
			buildActionMask = 2147483647;
			files = (
			);
			runOnlyForDeploymentPostprocessing = 0;
		};
/* End PBXFrameworksBuildPhase section */

/* Begin PBXGroup section */
		7B47F5CA252EB19C00048759 /* level3 */ = {
			isa = PBXGroup;
			children = (
				7B47F5CB252EB1AC00048759 /* 베스트앨범.playground */,
				7B47F5E22530524600048759 /* 디스크 컨트롤러.playground */,
				7B47F5E425306D1E00048759 /* 이중우선순위큐.playground */,
				7B47F5F12531391600048759 /* 네트워크.playground */,
				7B47F5F325314A4F00048759 /* 단어 변환.playground */,
				7B47F5F52531590600048759 /* 여행경로.playground */,
				7B47F5F725316EDD00048759 /* N으로 표현.playground */,
				7B47F5F92531967200048759 /* 입국심사.playground */,
				7B47F5FB2531AA9200048759 /* 가장 먼 노드.playground */,
			);
			path = level3;
			sourceTree = "<group>";
		};
		7B47F5CD252EC5C100048759 /* level2 */ = {
			isa = PBXGroup;
			children = (
				7B47F5CE252EC5CC00048759 /* 기능개발.playground */,
				7B47F5D0252ECF9D00048759 /* 다리를 지나는 트럭.playground */,
				7B47F5D2252EF6D000048759 /* 프린터.playground */,
				7B47F5D4252F01E700048759 /* 가장 큰 수.playground */,
				7B47F5D62530054C00048759 /* H-Index.playground */,
				9A354BE7252302E50000B46B /* 소수 찾기.playground */,
				7B47F5DE253038C800048759 /* 카펫.playground */,
				7B47F5E0253041A300048759 /* 타겟 넘버.playground */,
				7B47F5E625307CE000048759 /* 큰 수 만들기.playground */,
				7B47F5EE253127D100048759 /* 조이스틱.playground */,
				7B47F5FE2531B4C100048759 /* 최댓값과 최솟값.playground */,
				7B47F6002531B50200048759 /* 다음 큰 숫자.playground */,
				7B47F6022531C11500048759 /* 올바른 괄호.playground */,
				7B47F6042531C2B400048759 /* 스킬트리.playground */,
				7B47F6062531D13200048759 /* 삼각 달팽이.playground */,
				7B47F6082531E4DF00048759 /* 최솟값 만들기.playground */,
				7B47F60A2531E96B00048759 /* 가장 큰 정사각형 찾기.playground */,
				7B47F60C2531F3FA00048759 /* 멀쩡한 사각형.playground */,
				7B47F60E2531FDF000048759 /* 행렬의 곱셈.playground */,
				7B47F6102532083B00048759 /* 땅따먹기.playground */,
				7B47F61225326DFF00048759 /* JadenCase 문자열 만들기.playground */,
				7B47F6142532788300048759 /* N개의 최소공배수.playground */,
				7B47F61625327DF900048759 /* 짝지어 제거하기.playground */,
				7B47F6182532872200048759 /* 소수 만들기.playground */,
				7B47F61A253292AF00048759 /* 영어 끝말잇기.playground */,
				7B47F61C2532AD1F00048759 /* 점프와 순간 이동.playground */,
				7B47F61E2532AF6F00048759 /* 예상 대진표.playground */,
			);
			path = level2;
			sourceTree = "<group>";
		};
		7B47F5E825307CE600048759 /* level1 */ = {
			isa = PBXGroup;
			children = (
				9AA9FEC6251ADFA600E61C33 /* 2016년.playground */,
				9AA9FECB251ADFA700E61C33 /* 가운데 글자 가져오기.playground */,
				9AA9FEC1251ADFA500E61C33 /* 나누어 떨어지는 숫자 배열.playground */,
				9AA9FEBC251ADFA500E61C33 /* 두 개 뽑아서 더하기.playground */,
				9AA9FEBD251ADFA500E61C33 /* 두 정수 사이의 합.playground */,
				9AA9FEB9251ADFA400E61C33 /* 모의고사.playground */,
				9AA9FEC7251ADFA600E61C33 /* 문자열 내 마음대로 정렬하기.playground */,
				9AA9FEC3251ADFA500E61C33 /* 문자열 내 p와 y의 개수.playground */,
				9AA9FEB7251ADFA400E61C33 /* 문자열 내림차순으로 배치하기.playground */,
				9AA9FEC0251ADFA500E61C33 /* 문자열 다루기 기본.playground */,
				9AA9FEB5251ADFA400E61C33 /* 문자열을 정수로 바꾸기.playground */,
				9AA9FEB6251ADFA400E61C33 /* 서울에서 김서방 찾기.playground */,
				9AA9FEC2251ADFA500E61C33 /* 소수 찾기.playground */,
				9AA9FEB8251ADFA400E61C33 /* 수박수박수박수박수박수.playground */,
				9AA9FEBE251ADFA500E61C33 /* 시저 암호.playground */,
				9AA9FEC4251ADFA600E61C33 /* 약수의 합.playground */,
				9AA9FEC9251ADFA600E61C33 /* 이상한 문자 만들기.playground */,
				9AA9FEBF251ADFA500E61C33 /* 정수 제곱근 판별.playground */,
				9AA9FEC8251ADFA600E61C33 /* 체육복.playground */,
				9AA9FEBA251ADFA400E61C33 /* 크레인 인형뽑기 게임.playground */,
				9AA9FEBB251ADFA400E61C33 /* 하샤드 수.playground */,
				9AA9FEC5251ADFA600E61C33 /* K번째수.playground */,
				9AA9FECE251AE14700E61C33 /* 자릿수 더하기.playground */,
				9AA9FED2251AE2D000E61C33 /* 자연수 뒤집어 배열로 만들기.playground */,
				9AA9FED4251AE39100E61C33 /* 정수 내림차순으로 배치하기.playground */,
				9AA9FED6251AE4F500E61C33 /* 제일 작은 수 제거하기.playground */,
				9AA9FED8251AE6FC00E61C33 /* 짝수와 홀수.playground */,
				9AA9FEDA251AE7BF00E61C33 /* 최대공약수와 최소공배수.playground */,
				9AA9FEDD251B0CA900E61C33 /* 콜라츠 추측.playground */,
				9AA9FEE4251B109200E61C33 /* 평균 구하기.playground */,
				9AA9FEE6251B126B00E61C33 /* 핸드폰 번호 가리기.playground */,
				9AA9FEEC251B1B2500E61C33 /* 행렬의 덧셈.playground */,
				9AA9FEEE251B223B00E61C33 /* x만큼 간격이 있는 n개의 숫자.playground */,
				9AA9FEF0251B24D200E61C33 /* 직사각형 별찍기.playground */,
				9AA9FEF2251B26BB00E61C33 /* [카카오 인턴]키패드 누르기.playground */,
				9AA9FEF4251C38CE00E61C33 /* 예산.playground */,
				9AA9FEF6251C3AB900E61C33 /* 비밀지도.playground */,
				9AA9FEF8251C45BB00E61C33 /* 다트 게임.playground */,
				9A354BE3252301530000B46B /* 피보나치 수.playground */,
				9A354BE5252302500000B46B /* 기능개발.playground */,
				7BEBFA40252EA3D400F93921 /* 위장.playground */,
			);
			path = level1;
			sourceTree = "<group>";
		};
		9AA9FE92251ADEDB00E61C33 = {
			isa = PBXGroup;
			children = (
				9AA9FE9D251ADEDB00E61C33 /* algorithm */,
				9AA9FE9C251ADEDB00E61C33 /* Products */,
			);
			sourceTree = "<group>";
		};
		9AA9FE9C251ADEDB00E61C33 /* Products */ = {
			isa = PBXGroup;
			children = (
				9AA9FE9B251ADEDB00E61C33 /* algorithm.app */,
			);
			name = Products;
			sourceTree = "<group>";
		};
		9AA9FE9D251ADEDB00E61C33 /* algorithm */ = {
			isa = PBXGroup;
			children = (
				7B47F5DA253019D300048759 /* 수열.playground */,
				9AA9FEB4251ADF5B00E61C33 /* programmers */,
				9AA9FECA251ADFA600E61C33 /* test.playground */,
				9AA9FE9E251ADEDB00E61C33 /* AppDelegate.swift */,
				9AA9FEA0251ADEDB00E61C33 /* SceneDelegate.swift */,
				9AA9FEA2251ADEDB00E61C33 /* ViewController.swift */,
				9AA9FEA4251ADEDB00E61C33 /* Main.storyboard */,
				9AA9FEA7251ADEDE00E61C33 /* Assets.xcassets */,
				9AA9FEA9251ADEDE00E61C33 /* LaunchScreen.storyboard */,
				9AA9FEAC251ADEDE00E61C33 /* Info.plist */,
				9ACC67772521A178006B4344 /* MVVM.playground */,
			);
			path = algorithm;
			sourceTree = "<group>";
		};
		9AA9FEB4251ADF5B00E61C33 /* programmers */ = {
			isa = PBXGroup;
			children = (
				7B47F5E825307CE600048759 /* level1 */,
				7B47F5CD252EC5C100048759 /* level2 */,
				7B47F5CA252EB19C00048759 /* level3 */,
			);
			path = programmers;
			sourceTree = "<group>";
		};
/* End PBXGroup section */

/* Begin PBXNativeTarget section */
		9AA9FE9A251ADEDB00E61C33 /* algorithm */ = {
			isa = PBXNativeTarget;
			buildConfigurationList = 9AA9FEAF251ADEDE00E61C33 /* Build configuration list for PBXNativeTarget "algorithm" */;
			buildPhases = (
				9AA9FE97251ADEDB00E61C33 /* Sources */,
				9AA9FE98251ADEDB00E61C33 /* Frameworks */,
				9AA9FE99251ADEDB00E61C33 /* Resources */,
			);
			buildRules = (
			);
			dependencies = (
			);
			name = algorithm;
			productName = algorithm;
			productReference = 9AA9FE9B251ADEDB00E61C33 /* algorithm.app */;
			productType = "com.apple.product-type.application";
		};
/* End PBXNativeTarget section */

/* Begin PBXProject section */
		9AA9FE93251ADEDB00E61C33 /* Project object */ = {
			isa = PBXProject;
			attributes = {
				LastSwiftUpdateCheck = 1200;
				LastUpgradeCheck = 1200;
				TargetAttributes = {
					9AA9FE9A251ADEDB00E61C33 = {
						CreatedOnToolsVersion = 12.0;
					};
				};
			};
			buildConfigurationList = 9AA9FE96251ADEDB00E61C33 /* Build configuration list for PBXProject "algorithm" */;
			compatibilityVersion = "Xcode 9.3";
			developmentRegion = en;
			hasScannedForEncodings = 0;
			knownRegions = (
				en,
				Base,
			);
			mainGroup = 9AA9FE92251ADEDB00E61C33;
			productRefGroup = 9AA9FE9C251ADEDB00E61C33 /* Products */;
			projectDirPath = "";
			projectRoot = "";
			targets = (
				9AA9FE9A251ADEDB00E61C33 /* algorithm */,
			);
		};
/* End PBXProject section */

/* Begin PBXResourcesBuildPhase section */
		9AA9FE99251ADEDB00E61C33 /* Resources */ = {
			isa = PBXResourcesBuildPhase;
			buildActionMask = 2147483647;
			files = (
				9AA9FEAB251ADEDE00E61C33 /* LaunchScreen.storyboard in Resources */,
				9AA9FEA8251ADEDE00E61C33 /* Assets.xcassets in Resources */,
				9AA9FEA6251ADEDB00E61C33 /* Main.storyboard in Resources */,
			);
			runOnlyForDeploymentPostprocessing = 0;
		};
/* End PBXResourcesBuildPhase section */

/* Begin PBXSourcesBuildPhase section */
		9AA9FE97251ADEDB00E61C33 /* Sources */ = {
			isa = PBXSourcesBuildPhase;
			buildActionMask = 2147483647;
			files = (
				9AA9FEA3251ADEDB00E61C33 /* ViewController.swift in Sources */,
				9AA9FE9F251ADEDB00E61C33 /* AppDelegate.swift in Sources */,
				9AA9FEA1251ADEDB00E61C33 /* SceneDelegate.swift in Sources */,
			);
			runOnlyForDeploymentPostprocessing = 0;
		};
/* End PBXSourcesBuildPhase section */

/* Begin PBXVariantGroup section */
		9AA9FEA4251ADEDB00E61C33 /* Main.storyboard */ = {
			isa = PBXVariantGroup;
			children = (
				9AA9FEA5251ADEDB00E61C33 /* Base */,
			);
			name = Main.storyboard;
			sourceTree = "<group>";
		};
		9AA9FEA9251ADEDE00E61C33 /* LaunchScreen.storyboard */ = {
			isa = PBXVariantGroup;
			children = (
				9AA9FEAA251ADEDE00E61C33 /* Base */,
			);
			name = LaunchScreen.storyboard;
			sourceTree = "<group>";
		};
/* End PBXVariantGroup section */

/* Begin XCBuildConfiguration section */
		9AA9FEAD251ADEDE00E61C33 /* Debug */ = {
			isa = XCBuildConfiguration;
			buildSettings = {
				ALWAYS_SEARCH_USER_PATHS = NO;
				CLANG_ANALYZER_NONNULL = YES;
				CLANG_ANALYZER_NUMBER_OBJECT_CONVERSION = YES_AGGRESSIVE;
				CLANG_CXX_LANGUAGE_STANDARD = "gnu++14";
				CLANG_CXX_LIBRARY = "libc++";
				CLANG_ENABLE_MODULES = YES;
				CLANG_ENABLE_OBJC_ARC = YES;
				CLANG_ENABLE_OBJC_WEAK = YES;
				CLANG_WARN_BLOCK_CAPTURE_AUTORELEASING = YES;
				CLANG_WARN_BOOL_CONVERSION = YES;
				CLANG_WARN_COMMA = YES;
				CLANG_WARN_CONSTANT_CONVERSION = YES;
				CLANG_WARN_DEPRECATED_OBJC_IMPLEMENTATIONS = YES;
				CLANG_WARN_DIRECT_OBJC_ISA_USAGE = YES_ERROR;
				CLANG_WARN_DOCUMENTATION_COMMENTS = YES;
				CLANG_WARN_EMPTY_BODY = YES;
				CLANG_WARN_ENUM_CONVERSION = YES;
				CLANG_WARN_INFINITE_RECURSION = YES;
				CLANG_WARN_INT_CONVERSION = YES;
				CLANG_WARN_NON_LITERAL_NULL_CONVERSION = YES;
				CLANG_WARN_OBJC_IMPLICIT_RETAIN_SELF = YES;
				CLANG_WARN_OBJC_LITERAL_CONVERSION = YES;
				CLANG_WARN_OBJC_ROOT_CLASS = YES_ERROR;
				CLANG_WARN_QUOTED_INCLUDE_IN_FRAMEWORK_HEADER = YES;
				CLANG_WARN_RANGE_LOOP_ANALYSIS = YES;
				CLANG_WARN_STRICT_PROTOTYPES = YES;
				CLANG_WARN_SUSPICIOUS_MOVE = YES;
				CLANG_WARN_UNGUARDED_AVAILABILITY = YES_AGGRESSIVE;
				CLANG_WARN_UNREACHABLE_CODE = YES;
				CLANG_WARN__DUPLICATE_METHOD_MATCH = YES;
				COPY_PHASE_STRIP = NO;
				DEBUG_INFORMATION_FORMAT = dwarf;
				ENABLE_STRICT_OBJC_MSGSEND = YES;
				ENABLE_TESTABILITY = YES;
				GCC_C_LANGUAGE_STANDARD = gnu11;
				GCC_DYNAMIC_NO_PIC = NO;
				GCC_NO_COMMON_BLOCKS = YES;
				GCC_OPTIMIZATION_LEVEL = 0;
				GCC_PREPROCESSOR_DEFINITIONS = (
					"DEBUG=1",
					"$(inherited)",
				);
				GCC_WARN_64_TO_32_BIT_CONVERSION = YES;
				GCC_WARN_ABOUT_RETURN_TYPE = YES_ERROR;
				GCC_WARN_UNDECLARED_SELECTOR = YES;
				GCC_WARN_UNINITIALIZED_AUTOS = YES_AGGRESSIVE;
				GCC_WARN_UNUSED_FUNCTION = YES;
				GCC_WARN_UNUSED_VARIABLE = YES;
				IPHONEOS_DEPLOYMENT_TARGET = 14.0;
				MTL_ENABLE_DEBUG_INFO = INCLUDE_SOURCE;
				MTL_FAST_MATH = YES;
				ONLY_ACTIVE_ARCH = YES;
				SDKROOT = iphoneos;
				SWIFT_ACTIVE_COMPILATION_CONDITIONS = DEBUG;
				SWIFT_OPTIMIZATION_LEVEL = "-Onone";
			};
			name = Debug;
		};
		9AA9FEAE251ADEDE00E61C33 /* Release */ = {
			isa = XCBuildConfiguration;
			buildSettings = {
				ALWAYS_SEARCH_USER_PATHS = NO;
				CLANG_ANALYZER_NONNULL = YES;
				CLANG_ANALYZER_NUMBER_OBJECT_CONVERSION = YES_AGGRESSIVE;
				CLANG_CXX_LANGUAGE_STANDARD = "gnu++14";
				CLANG_CXX_LIBRARY = "libc++";
				CLANG_ENABLE_MODULES = YES;
				CLANG_ENABLE_OBJC_ARC = YES;
				CLANG_ENABLE_OBJC_WEAK = YES;
				CLANG_WARN_BLOCK_CAPTURE_AUTORELEASING = YES;
				CLANG_WARN_BOOL_CONVERSION = YES;
				CLANG_WARN_COMMA = YES;
				CLANG_WARN_CONSTANT_CONVERSION = YES;
				CLANG_WARN_DEPRECATED_OBJC_IMPLEMENTATIONS = YES;
				CLANG_WARN_DIRECT_OBJC_ISA_USAGE = YES_ERROR;
				CLANG_WARN_DOCUMENTATION_COMMENTS = YES;
				CLANG_WARN_EMPTY_BODY = YES;
				CLANG_WARN_ENUM_CONVERSION = YES;
				CLANG_WARN_INFINITE_RECURSION = YES;
				CLANG_WARN_INT_CONVERSION = YES;
				CLANG_WARN_NON_LITERAL_NULL_CONVERSION = YES;
				CLANG_WARN_OBJC_IMPLICIT_RETAIN_SELF = YES;
				CLANG_WARN_OBJC_LITERAL_CONVERSION = YES;
				CLANG_WARN_OBJC_ROOT_CLASS = YES_ERROR;
				CLANG_WARN_QUOTED_INCLUDE_IN_FRAMEWORK_HEADER = YES;
				CLANG_WARN_RANGE_LOOP_ANALYSIS = YES;
				CLANG_WARN_STRICT_PROTOTYPES = YES;
				CLANG_WARN_SUSPICIOUS_MOVE = YES;
				CLANG_WARN_UNGUARDED_AVAILABILITY = YES_AGGRESSIVE;
				CLANG_WARN_UNREACHABLE_CODE = YES;
				CLANG_WARN__DUPLICATE_METHOD_MATCH = YES;
				COPY_PHASE_STRIP = NO;
				DEBUG_INFORMATION_FORMAT = "dwarf-with-dsym";
				ENABLE_NS_ASSERTIONS = NO;
				ENABLE_STRICT_OBJC_MSGSEND = YES;
				GCC_C_LANGUAGE_STANDARD = gnu11;
				GCC_NO_COMMON_BLOCKS = YES;
				GCC_WARN_64_TO_32_BIT_CONVERSION = YES;
				GCC_WARN_ABOUT_RETURN_TYPE = YES_ERROR;
				GCC_WARN_UNDECLARED_SELECTOR = YES;
				GCC_WARN_UNINITIALIZED_AUTOS = YES_AGGRESSIVE;
				GCC_WARN_UNUSED_FUNCTION = YES;
				GCC_WARN_UNUSED_VARIABLE = YES;
				IPHONEOS_DEPLOYMENT_TARGET = 14.0;
				MTL_ENABLE_DEBUG_INFO = NO;
				MTL_FAST_MATH = YES;
				SDKROOT = iphoneos;
				SWIFT_COMPILATION_MODE = wholemodule;
				SWIFT_OPTIMIZATION_LEVEL = "-O";
				VALIDATE_PRODUCT = YES;
			};
			name = Release;
		};
		9AA9FEB0251ADEDE00E61C33 /* Debug */ = {
			isa = XCBuildConfiguration;
			buildSettings = {
				ASSETCATALOG_COMPILER_APPICON_NAME = AppIcon;
				ASSETCATALOG_COMPILER_GLOBAL_ACCENT_COLOR_NAME = AccentColor;
				CODE_SIGN_STYLE = Automatic;
				DEVELOPMENT_TEAM = W73H6NUGW4;
				INFOPLIST_FILE = algorithm/Info.plist;
				LD_RUNPATH_SEARCH_PATHS = (
					"$(inherited)",
					"@executable_path/Frameworks",
				);
				PRODUCT_BUNDLE_IDENTIFIER = kr.colby.algorithm;
				PRODUCT_NAME = "$(TARGET_NAME)";
				SWIFT_VERSION = 5.0;
				TARGETED_DEVICE_FAMILY = "1,2";
			};
			name = Debug;
		};
		9AA9FEB1251ADEDE00E61C33 /* Release */ = {
			isa = XCBuildConfiguration;
			buildSettings = {
				ASSETCATALOG_COMPILER_APPICON_NAME = AppIcon;
				ASSETCATALOG_COMPILER_GLOBAL_ACCENT_COLOR_NAME = AccentColor;
				CODE_SIGN_STYLE = Automatic;
				DEVELOPMENT_TEAM = W73H6NUGW4;
				INFOPLIST_FILE = algorithm/Info.plist;
				LD_RUNPATH_SEARCH_PATHS = (
					"$(inherited)",
					"@executable_path/Frameworks",
				);
				PRODUCT_BUNDLE_IDENTIFIER = kr.colby.algorithm;
				PRODUCT_NAME = "$(TARGET_NAME)";
				SWIFT_VERSION = 5.0;
				TARGETED_DEVICE_FAMILY = "1,2";
			};
			name = Release;
		};
/* End XCBuildConfiguration section */

/* Begin XCConfigurationList section */
		9AA9FE96251ADEDB00E61C33 /* Build configuration list for PBXProject "algorithm" */ = {
			isa = XCConfigurationList;
			buildConfigurations = (
				9AA9FEAD251ADEDE00E61C33 /* Debug */,
				9AA9FEAE251ADEDE00E61C33 /* Release */,
			);
			defaultConfigurationIsVisible = 0;
			defaultConfigurationName = Release;
		};
		9AA9FEAF251ADEDE00E61C33 /* Build configuration list for PBXNativeTarget "algorithm" */ = {
			isa = XCConfigurationList;
			buildConfigurations = (
				9AA9FEB0251ADEDE00E61C33 /* Debug */,
				9AA9FEB1251ADEDE00E61C33 /* Release */,
			);
			defaultConfigurationIsVisible = 0;
			defaultConfigurationName = Release;
		};
/* End XCConfigurationList section */
	};
	rootObject = 9AA9FE93251ADEDB00E61C33 /* Project object */;
}
